
Microsoft Visual Studio Solution File, Format Version 12.00
# Visual Studio Version 17
VisualStudioVersion = 17.9.34607.119
MinimumVisualStudioVersion = 10.0.40219.1
Project("{8BC9CEB8-8B4A-11D0-8D11-00A0C91BC942}") = "Attendance10Repo", "Attendance10Repo\Attendance10Repo.vcxproj", "{5C780E74-4346-41FC-8CBE-2D9F24D0195D}"
EndProject
Project("{8BC9CEB8-8B4A-11D0-8D11-00A0C91BC942}") = "UnitTest1", "UnitTest1\UnitTest1.vcxproj", "{EE1DE682-2CBA-4F19-A6D1-5648BDF5989F}"
EndProject
Global
	GlobalSection(SolutionConfigurationPlatforms) = preSolution
		Debug|x64 = Debug|x64
		Debug|x86 = Debug|x86
		Release|x64 = Release|x64
		Release|x86 = Release|x86
	EndGlobalSection
	GlobalSection(ProjectConfigurationPlatforms) = postSolution
		{5C780E74-4346-41FC-8CBE-2D9F24D0195D}.Debug|x64.ActiveCfg = Debug|x64
		{5C780E74-4346-41FC-8CBE-2D9F24D0195D}.Debug|x64.Build.0 = Debug|x64
		{5C780E74-4346-41FC-8CBE-2D9F24D0195D}.Debug|x86.ActiveCfg = Debug|Win32
		{5C780E74-4346-41FC-8CBE-2D9F24D0195D}.Debug|x86.Build.0 = Debug|Win32
		{5C780E74-4346-41FC-8CBE-2D9F24D0195D}.Release|x64.ActiveCfg = Release|x64
		{5C780E74-4346-41FC-8CBE-2D9F24D0195D}.Release|x64.Build.0 = Release|x64
		{5C780E74-4346-41FC-8CBE-2D9F24D0195D}.Release|x86.ActiveCfg = Release|Win32
		{5C780E74-4346-41FC-8CBE-2D9F24D0195D}.Release|x86.Build.0 = Release|Win32
		{EE1DE682-2CBA-4F19-A6D1-5648BDF5989F}.Debug|x64.ActiveCfg = Debug|x64
		{EE1DE682-2CBA-4F19-A6D1-5648BDF5989F}.Debug|x64.Build.0 = Debug|x64
		{EE1DE682-2CBA-4F19-A6D1-5648BDF5989F}.Debug|x86.ActiveCfg = Debug|Win32
		{EE1DE682-2CBA-4F19-A6D1-5648BDF5989F}.Debug|x86.Build.0 = Debug|Win32
		{EE1DE682-2CBA-4F19-A6D1-5648BDF5989F}.Release|x64.ActiveCfg = Release|x64
		{EE1DE682-2CBA-4F19-A6D1-5648BDF5989F}.Release|x64.Build.0 = Release|x64
		{EE1DE682-2CBA-4F19-A6D1-5648BDF5989F}.Release|x86.ActiveCfg = Release|Win32
		{EE1DE682-2CBA-4F19-A6D1-5648BDF5989F}.Release|x86.Build.0 = Release|Win32
	EndGlobalSection
	GlobalSection(SolutionProperties) = preSolution
		HideSolutionNode = FALSE
	EndGlobalSection
	GlobalSection(ExtensibilityGlobals) = postSolution
		SolutionGuid = {A6B389B7-DE2F-4CD4-89FD-A592350681F0}
	EndGlobalSection
EndGlobal
